
Microsoft Visual Studio Solution File, Format Version 12.00
# Visual Studio Version 16
VisualStudioVersion = 16.0.29424.173
MinimumVisualStudioVersion = 10.0.40219.1
Project("{FAE04EC0-301F-11D3-BF4B-00C04F79EFBC}") = "BTree", "BTree\BTree.csproj", "{2BCE1543-F200-467D-9A23-D043BBADC4EF}"
EndProject
Project("{FAE04EC0-301F-11D3-BF4B-00C04F79EFBC}") = "BTreeTests", "BTreeTests\BTreeTests.csproj", "{0499096A-6923-48B6-8F5B-AE610A14A937}"
EndProject
Global
	GlobalSection(SolutionConfigurationPlatforms) = preSolution
		Debug|Any CPU = Debug|Any CPU
		Release|Any CPU = Release|Any CPU
	EndGlobalSection
	GlobalSection(ProjectConfigurationPlatforms) = postSolution
		{2BCE1543-F200-467D-9A23-D043BBADC4EF}.Debug|Any CPU.ActiveCfg = Debug|Any CPU
		{2BCE1543-F200-467D-9A23-D043BBADC4EF}.Debug|Any CPU.Build.0 = Debug|Any CPU
		{2BCE1543-F200-467D-9A23-D043BBADC4EF}.Release|Any CPU.ActiveCfg = Release|Any CPU
		{2BCE1543-F200-467D-9A23-D043BBADC4EF}.Release|Any CPU.Build.0 = Release|Any CPU
		{0499096A-6923-48B6-8F5B-AE610A14A937}.Debug|Any CPU.ActiveCfg = Debug|Any CPU
		{0499096A-6923-48B6-8F5B-AE610A14A937}.Debug|Any CPU.Build.0 = Debug|Any CPU
		{0499096A-6923-48B6-8F5B-AE610A14A937}.Release|Any CPU.ActiveCfg = Release|Any CPU
		{0499096A-6923-48B6-8F5B-AE610A14A937}.Release|Any CPU.Build.0 = Release|Any CPU
	EndGlobalSection
	GlobalSection(SolutionProperties) = preSolution
		HideSolutionNode = FALSE
	EndGlobalSection
	GlobalSection(ExtensibilityGlobals) = postSolution
		SolutionGuid = {E38498DD-A074-4021-B1B9-9F54AC049D03}
	EndGlobalSection
EndGlobal
